
Microsoft Visual Studio Solution File, Format Version 12.00
# Visual Studio Version 17
VisualStudioVersion = 17.4.33213.308
MinimumVisualStudioVersion = 10.0.40219.1
Project("{8BC9CEB8-8B4A-11D0-8D11-00A0C91BC942}") = "c-practice", "c-practice\c-practice.vcxproj", "{A16E023E-372D-4BB7-90C0-AB311F757C12}"
EndProject
Project("{8BC9CEB8-8B4A-11D0-8D11-00A0C91BC942}") = "0224_malloc", "0224_malloc\0224_malloc.vcxproj", "{787F0B2E-C4D8-4E99-8D72-26B8A9C054DE}"
EndProject
Project("{8BC9CEB8-8B4A-11D0-8D11-00A0C91BC942}") = "0224_malloc_struct", "0224_malloc_struct\0224_malloc_struct.vcxproj", "{3A161ABC-F2A3-4040-BF69-5B2A5F915BA6}"
EndProject
Global
	GlobalSection(SolutionConfigurationPlatforms) = preSolution
		Debug|x64 = Debug|x64
		Debug|x86 = Debug|x86
		Release|x64 = Release|x64
		Release|x86 = Release|x86
	EndGlobalSection
	GlobalSection(ProjectConfigurationPlatforms) = postSolution
		{A16E023E-372D-4BB7-90C0-AB311F757C12}.Debug|x64.ActiveCfg = Debug|x64
		{A16E023E-372D-4BB7-90C0-AB311F757C12}.Debug|x64.Build.0 = Debug|x64
		{A16E023E-372D-4BB7-90C0-AB311F757C12}.Debug|x86.ActiveCfg = Debug|Win32
		{A16E023E-372D-4BB7-90C0-AB311F757C12}.Debug|x86.Build.0 = Debug|Win32
		{A16E023E-372D-4BB7-90C0-AB311F757C12}.Release|x64.ActiveCfg = Release|x64
		{A16E023E-372D-4BB7-90C0-AB311F757C12}.Release|x64.Build.0 = Release|x64
		{A16E023E-372D-4BB7-90C0-AB311F757C12}.Release|x86.ActiveCfg = Release|Win32
		{A16E023E-372D-4BB7-90C0-AB311F757C12}.Release|x86.Build.0 = Release|Win32
		{787F0B2E-C4D8-4E99-8D72-26B8A9C054DE}.Debug|x64.ActiveCfg = Debug|x64
		{787F0B2E-C4D8-4E99-8D72-26B8A9C054DE}.Debug|x64.Build.0 = Debug|x64
		{787F0B2E-C4D8-4E99-8D72-26B8A9C054DE}.Debug|x86.ActiveCfg = Debug|Win32
		{787F0B2E-C4D8-4E99-8D72-26B8A9C054DE}.Debug|x86.Build.0 = Debug|Win32
		{787F0B2E-C4D8-4E99-8D72-26B8A9C054DE}.Release|x64.ActiveCfg = Release|x64
		{787F0B2E-C4D8-4E99-8D72-26B8A9C054DE}.Release|x64.Build.0 = Release|x64
		{787F0B2E-C4D8-4E99-8D72-26B8A9C054DE}.Release|x86.ActiveCfg = Release|Win32
		{787F0B2E-C4D8-4E99-8D72-26B8A9C054DE}.Release|x86.Build.0 = Release|Win32
		{3A161ABC-F2A3-4040-BF69-5B2A5F915BA6}.Debug|x64.ActiveCfg = Debug|x64
		{3A161ABC-F2A3-4040-BF69-5B2A5F915BA6}.Debug|x64.Build.0 = Debug|x64
		{3A161ABC-F2A3-4040-BF69-5B2A5F915BA6}.Debug|x86.ActiveCfg = Debug|Win32
		{3A161ABC-F2A3-4040-BF69-5B2A5F915BA6}.Debug|x86.Build.0 = Debug|Win32
		{3A161ABC-F2A3-4040-BF69-5B2A5F915BA6}.Release|x64.ActiveCfg = Release|x64
		{3A161ABC-F2A3-4040-BF69-5B2A5F915BA6}.Release|x64.Build.0 = Release|x64
		{3A161ABC-F2A3-4040-BF69-5B2A5F915BA6}.Release|x86.ActiveCfg = Release|Win32
		{3A161ABC-F2A3-4040-BF69-5B2A5F915BA6}.Release|x86.Build.0 = Release|Win32
	EndGlobalSection
	GlobalSection(SolutionProperties) = preSolution
		HideSolutionNode = FALSE
	EndGlobalSection
	GlobalSection(ExtensibilityGlobals) = postSolution
		SolutionGuid = {EE473164-743D-4974-BF89-2BD30D7DC408}
	EndGlobalSection
EndGlobal
