
Microsoft Visual Studio Solution File, Format Version 12.00
# Visual Studio Version 17
VisualStudioVersion = 17.4.33213.308
MinimumVisualStudioVersion = 10.0.40219.1
Project("{8BC9CEB8-8B4A-11D0-8D11-00A0C91BC942}") = "algorithm", "algorithm\algorithm.vcxproj", "{7FA46BC3-83E9-49E2-BB3B-0805E009F244}"
EndProject
Project("{8BC9CEB8-8B4A-11D0-8D11-00A0C91BC942}") = "algorithm_pointer", "algorithm_pointer\algorithm_pointer.vcxproj", "{5F5C8793-3FDD-4D52-BDFB-6D4468C75D67}"
EndProject
Project("{8BC9CEB8-8B4A-11D0-8D11-00A0C91BC942}") = "algorithm_array", "algorithm_array\algorithm_array.vcxproj", "{A1CDBCB6-D916-4979-9504-F0D64E4BF01D}"
EndProject
Project("{8BC9CEB8-8B4A-11D0-8D11-00A0C91BC942}") = "algorithm_struct", "algorithm_struct\algorithm_struct.vcxproj", "{F432A754-38F2-4A01-A5D5-611B4A056D36}"
EndProject
Project("{8BC9CEB8-8B4A-11D0-8D11-00A0C91BC942}") = "algorithm_structMember", "algorithm_structMember\algorithm_structMember.vcxproj", "{C6E2ABB2-01C0-4368-AE74-B9EB541AD109}"
EndProject
Project("{8BC9CEB8-8B4A-11D0-8D11-00A0C91BC942}") = "LinkedList", "LinkedList\LinkedList.vcxproj", "{7C239940-8C99-44FB-B3E6-F32287585F2F}"
EndProject
Project("{8BC9CEB8-8B4A-11D0-8D11-00A0C91BC942}") = "algorithm_structMember2", "algorithm_structMember2\algorithm_structMember2.vcxproj", "{F9197500-37E6-46E3-8E3B-DE85D13BA9A9}"
EndProject
Project("{8BC9CEB8-8B4A-11D0-8D11-00A0C91BC942}") = "LinkedQueue", "LinkedQueue\LinkedQueue.vcxproj", "{496561ED-C28C-408D-B4D8-D4547B0F3ABE}"
EndProject
Project("{8BC9CEB8-8B4A-11D0-8D11-00A0C91BC942}") = "LCRSTree", "LCRSTree\LCRSTree.vcxproj", "{54B0E75B-2A62-41A8-818E-CE2D9CB73940}"
EndProject
Project("{8BC9CEB8-8B4A-11D0-8D11-00A0C91BC942}") = "BubbleSorting", "BubbleSorting\BubbleSorting.vcxproj", "{C7D16940-92FE-4D95-866C-548922001059}"
EndProject
Project("{8BC9CEB8-8B4A-11D0-8D11-00A0C91BC942}") = "BubbleSorting_book", "BubbleSorting_book\BubbleSorting_book.vcxproj", "{AEB26B98-C382-454C-9DA1-D0381BABE758}"
EndProject
Project("{8BC9CEB8-8B4A-11D0-8D11-00A0C91BC942}") = "InsertionSort_book", "InsertionSort\InsertionSort.vcxproj", "{40B3E4EC-F16A-4A58-9FC2-B9015FDD2BAC}"
EndProject
Project("{8BC9CEB8-8B4A-11D0-8D11-00A0C91BC942}") = "InsertionSort", "InsertionSort.c\InsertionSort.c.vcxproj", "{16062FB7-AF61-43BC-BEC1-CBA0703F5BFC}"
EndProject
Project("{8BC9CEB8-8B4A-11D0-8D11-00A0C91BC942}") = "QuickSort", "QuickSort\QuickSort.vcxproj", "{7197B9E1-DBD5-4E3E-8978-CF8ACEC08337}"
EndProject
Project("{8BC9CEB8-8B4A-11D0-8D11-00A0C91BC942}") = "QuickSort2", "QuickSort2\QuickSort2.vcxproj", "{34C63947-CD80-4666-9BE8-96CFCD117DEB}"
EndProject
Project("{8BC9CEB8-8B4A-11D0-8D11-00A0C91BC942}") = "SequentialSearch", "SequentialSearch\SequentialSearch.vcxproj", "{3EDF035D-4531-4E5A-931E-08774F2CAC12}"
EndProject
Project("{8BC9CEB8-8B4A-11D0-8D11-00A0C91BC942}") = "SimpleHashTable", "SimpleHashTable\SimpleHashTable.vcxproj", "{362E7C4A-008A-49D6-A8FC-4C35FAF036EF}"
EndProject
Project("{8BC9CEB8-8B4A-11D0-8D11-00A0C91BC942}") = "Chaining", "Chaining\Chaining.vcxproj", "{D7ED9DEC-6E02-4614-A96D-13647ACF8311}"
EndProject
Project("{8BC9CEB8-8B4A-11D0-8D11-00A0C91BC942}") = "TopologicalSort", "TopologicalSort\TopologicalSort.vcxproj", "{4A23325A-425B-4F84-868A-5D6879E74C77}"
EndProject
Project("{8BC9CEB8-8B4A-11D0-8D11-00A0C91BC942}") = "BruteForce", "BruteForce\BruteForce.vcxproj", "{5A5F1742-E62C-434C-BFBA-150C39046CCC}"
EndProject
Global
	GlobalSection(SolutionConfigurationPlatforms) = preSolution
		Debug|x64 = Debug|x64
		Debug|x86 = Debug|x86
		Release|x64 = Release|x64
		Release|x86 = Release|x86
	EndGlobalSection
	GlobalSection(ProjectConfigurationPlatforms) = postSolution
		{7FA46BC3-83E9-49E2-BB3B-0805E009F244}.Debug|x64.ActiveCfg = Debug|x64
		{7FA46BC3-83E9-49E2-BB3B-0805E009F244}.Debug|x64.Build.0 = Debug|x64
		{7FA46BC3-83E9-49E2-BB3B-0805E009F244}.Debug|x86.ActiveCfg = Debug|Win32
		{7FA46BC3-83E9-49E2-BB3B-0805E009F244}.Debug|x86.Build.0 = Debug|Win32
		{7FA46BC3-83E9-49E2-BB3B-0805E009F244}.Release|x64.ActiveCfg = Release|x64
		{7FA46BC3-83E9-49E2-BB3B-0805E009F244}.Release|x64.Build.0 = Release|x64
		{7FA46BC3-83E9-49E2-BB3B-0805E009F244}.Release|x86.ActiveCfg = Release|Win32
		{7FA46BC3-83E9-49E2-BB3B-0805E009F244}.Release|x86.Build.0 = Release|Win32
		{5F5C8793-3FDD-4D52-BDFB-6D4468C75D67}.Debug|x64.ActiveCfg = Debug|x64
		{5F5C8793-3FDD-4D52-BDFB-6D4468C75D67}.Debug|x64.Build.0 = Debug|x64
		{5F5C8793-3FDD-4D52-BDFB-6D4468C75D67}.Debug|x86.ActiveCfg = Debug|Win32
		{5F5C8793-3FDD-4D52-BDFB-6D4468C75D67}.Debug|x86.Build.0 = Debug|Win32
		{5F5C8793-3FDD-4D52-BDFB-6D4468C75D67}.Release|x64.ActiveCfg = Release|x64
		{5F5C8793-3FDD-4D52-BDFB-6D4468C75D67}.Release|x64.Build.0 = Release|x64
		{5F5C8793-3FDD-4D52-BDFB-6D4468C75D67}.Release|x86.ActiveCfg = Release|Win32
		{5F5C8793-3FDD-4D52-BDFB-6D4468C75D67}.Release|x86.Build.0 = Release|Win32
		{A1CDBCB6-D916-4979-9504-F0D64E4BF01D}.Debug|x64.ActiveCfg = Debug|x64
		{A1CDBCB6-D916-4979-9504-F0D64E4BF01D}.Debug|x64.Build.0 = Debug|x64
		{A1CDBCB6-D916-4979-9504-F0D64E4BF01D}.Debug|x86.ActiveCfg = Debug|Win32
		{A1CDBCB6-D916-4979-9504-F0D64E4BF01D}.Debug|x86.Build.0 = Debug|Win32
		{A1CDBCB6-D916-4979-9504-F0D64E4BF01D}.Release|x64.ActiveCfg = Release|x64
		{A1CDBCB6-D916-4979-9504-F0D64E4BF01D}.Release|x64.Build.0 = Release|x64
		{A1CDBCB6-D916-4979-9504-F0D64E4BF01D}.Release|x86.ActiveCfg = Release|Win32
		{A1CDBCB6-D916-4979-9504-F0D64E4BF01D}.Release|x86.Build.0 = Release|Win32
		{F432A754-38F2-4A01-A5D5-611B4A056D36}.Debug|x64.ActiveCfg = Debug|x64
		{F432A754-38F2-4A01-A5D5-611B4A056D36}.Debug|x64.Build.0 = Debug|x64
		{F432A754-38F2-4A01-A5D5-611B4A056D36}.Debug|x86.ActiveCfg = Debug|Win32
		{F432A754-38F2-4A01-A5D5-611B4A056D36}.Debug|x86.Build.0 = Debug|Win32
		{F432A754-38F2-4A01-A5D5-611B4A056D36}.Release|x64.ActiveCfg = Release|x64
		{F432A754-38F2-4A01-A5D5-611B4A056D36}.Release|x64.Build.0 = Release|x64
		{F432A754-38F2-4A01-A5D5-611B4A056D36}.Release|x86.ActiveCfg = Release|Win32
		{F432A754-38F2-4A01-A5D5-611B4A056D36}.Release|x86.Build.0 = Release|Win32
		{C6E2ABB2-01C0-4368-AE74-B9EB541AD109}.Debug|x64.ActiveCfg = Debug|x64
		{C6E2ABB2-01C0-4368-AE74-B9EB541AD109}.Debug|x64.Build.0 = Debug|x64
		{C6E2ABB2-01C0-4368-AE74-B9EB541AD109}.Debug|x86.ActiveCfg = Debug|Win32
		{C6E2ABB2-01C0-4368-AE74-B9EB541AD109}.Debug|x86.Build.0 = Debug|Win32
		{C6E2ABB2-01C0-4368-AE74-B9EB541AD109}.Release|x64.ActiveCfg = Release|x64
		{C6E2ABB2-01C0-4368-AE74-B9EB541AD109}.Release|x64.Build.0 = Release|x64
		{C6E2ABB2-01C0-4368-AE74-B9EB541AD109}.Release|x86.ActiveCfg = Release|Win32
		{C6E2ABB2-01C0-4368-AE74-B9EB541AD109}.Release|x86.Build.0 = Release|Win32
		{7C239940-8C99-44FB-B3E6-F32287585F2F}.Debug|x64.ActiveCfg = Debug|x64
		{7C239940-8C99-44FB-B3E6-F32287585F2F}.Debug|x64.Build.0 = Debug|x64
		{7C239940-8C99-44FB-B3E6-F32287585F2F}.Debug|x86.ActiveCfg = Debug|Win32
		{7C239940-8C99-44FB-B3E6-F32287585F2F}.Debug|x86.Build.0 = Debug|Win32
		{7C239940-8C99-44FB-B3E6-F32287585F2F}.Release|x64.ActiveCfg = Release|x64
		{7C239940-8C99-44FB-B3E6-F32287585F2F}.Release|x64.Build.0 = Release|x64
		{7C239940-8C99-44FB-B3E6-F32287585F2F}.Release|x86.ActiveCfg = Release|Win32
		{7C239940-8C99-44FB-B3E6-F32287585F2F}.Release|x86.Build.0 = Release|Win32
		{F9197500-37E6-46E3-8E3B-DE85D13BA9A9}.Debug|x64.ActiveCfg = Debug|x64
		{F9197500-37E6-46E3-8E3B-DE85D13BA9A9}.Debug|x64.Build.0 = Debug|x64
		{F9197500-37E6-46E3-8E3B-DE85D13BA9A9}.Debug|x86.ActiveCfg = Debug|Win32
		{F9197500-37E6-46E3-8E3B-DE85D13BA9A9}.Debug|x86.Build.0 = Debug|Win32
		{F9197500-37E6-46E3-8E3B-DE85D13BA9A9}.Release|x64.ActiveCfg = Release|x64
		{F9197500-37E6-46E3-8E3B-DE85D13BA9A9}.Release|x64.Build.0 = Release|x64
		{F9197500-37E6-46E3-8E3B-DE85D13BA9A9}.Release|x86.ActiveCfg = Release|Win32
		{F9197500-37E6-46E3-8E3B-DE85D13BA9A9}.Release|x86.Build.0 = Release|Win32
		{496561ED-C28C-408D-B4D8-D4547B0F3ABE}.Debug|x64.ActiveCfg = Debug|x64
		{496561ED-C28C-408D-B4D8-D4547B0F3ABE}.Debug|x64.Build.0 = Debug|x64
		{496561ED-C28C-408D-B4D8-D4547B0F3ABE}.Debug|x86.ActiveCfg = Debug|Win32
		{496561ED-C28C-408D-B4D8-D4547B0F3ABE}.Debug|x86.Build.0 = Debug|Win32
		{496561ED-C28C-408D-B4D8-D4547B0F3ABE}.Release|x64.ActiveCfg = Release|x64
		{496561ED-C28C-408D-B4D8-D4547B0F3ABE}.Release|x64.Build.0 = Release|x64
		{496561ED-C28C-408D-B4D8-D4547B0F3ABE}.Release|x86.ActiveCfg = Release|Win32
		{496561ED-C28C-408D-B4D8-D4547B0F3ABE}.Release|x86.Build.0 = Release|Win32
		{54B0E75B-2A62-41A8-818E-CE2D9CB73940}.Debug|x64.ActiveCfg = Debug|x64
		{54B0E75B-2A62-41A8-818E-CE2D9CB73940}.Debug|x64.Build.0 = Debug|x64
		{54B0E75B-2A62-41A8-818E-CE2D9CB73940}.Debug|x86.ActiveCfg = Debug|Win32
		{54B0E75B-2A62-41A8-818E-CE2D9CB73940}.Debug|x86.Build.0 = Debug|Win32
		{54B0E75B-2A62-41A8-818E-CE2D9CB73940}.Release|x64.ActiveCfg = Release|x64
		{54B0E75B-2A62-41A8-818E-CE2D9CB73940}.Release|x64.Build.0 = Release|x64
		{54B0E75B-2A62-41A8-818E-CE2D9CB73940}.Release|x86.ActiveCfg = Release|Win32
		{54B0E75B-2A62-41A8-818E-CE2D9CB73940}.Release|x86.Build.0 = Release|Win32
		{C7D16940-92FE-4D95-866C-548922001059}.Debug|x64.ActiveCfg = Debug|x64
		{C7D16940-92FE-4D95-866C-548922001059}.Debug|x64.Build.0 = Debug|x64
		{C7D16940-92FE-4D95-866C-548922001059}.Debug|x86.ActiveCfg = Debug|Win32
		{C7D16940-92FE-4D95-866C-548922001059}.Debug|x86.Build.0 = Debug|Win32
		{C7D16940-92FE-4D95-866C-548922001059}.Release|x64.ActiveCfg = Release|x64
		{C7D16940-92FE-4D95-866C-548922001059}.Release|x64.Build.0 = Release|x64
		{C7D16940-92FE-4D95-866C-548922001059}.Release|x86.ActiveCfg = Release|Win32
		{C7D16940-92FE-4D95-866C-548922001059}.Release|x86.Build.0 = Release|Win32
		{AEB26B98-C382-454C-9DA1-D0381BABE758}.Debug|x64.ActiveCfg = Debug|x64
		{AEB26B98-C382-454C-9DA1-D0381BABE758}.Debug|x64.Build.0 = Debug|x64
		{AEB26B98-C382-454C-9DA1-D0381BABE758}.Debug|x86.ActiveCfg = Debug|Win32
		{AEB26B98-C382-454C-9DA1-D0381BABE758}.Debug|x86.Build.0 = Debug|Win32
		{AEB26B98-C382-454C-9DA1-D0381BABE758}.Release|x64.ActiveCfg = Release|x64
		{AEB26B98-C382-454C-9DA1-D0381BABE758}.Release|x64.Build.0 = Release|x64
		{AEB26B98-C382-454C-9DA1-D0381BABE758}.Release|x86.ActiveCfg = Release|Win32
		{AEB26B98-C382-454C-9DA1-D0381BABE758}.Release|x86.Build.0 = Release|Win32
		{40B3E4EC-F16A-4A58-9FC2-B9015FDD2BAC}.Debug|x64.ActiveCfg = Debug|x64
		{40B3E4EC-F16A-4A58-9FC2-B9015FDD2BAC}.Debug|x64.Build.0 = Debug|x64
		{40B3E4EC-F16A-4A58-9FC2-B9015FDD2BAC}.Debug|x86.ActiveCfg = Debug|Win32
		{40B3E4EC-F16A-4A58-9FC2-B9015FDD2BAC}.Debug|x86.Build.0 = Debug|Win32
		{40B3E4EC-F16A-4A58-9FC2-B9015FDD2BAC}.Release|x64.ActiveCfg = Release|x64
		{40B3E4EC-F16A-4A58-9FC2-B9015FDD2BAC}.Release|x64.Build.0 = Release|x64
		{40B3E4EC-F16A-4A58-9FC2-B9015FDD2BAC}.Release|x86.ActiveCfg = Release|Win32
		{40B3E4EC-F16A-4A58-9FC2-B9015FDD2BAC}.Release|x86.Build.0 = Release|Win32
		{16062FB7-AF61-43BC-BEC1-CBA0703F5BFC}.Debug|x64.ActiveCfg = Debug|x64
		{16062FB7-AF61-43BC-BEC1-CBA0703F5BFC}.Debug|x64.Build.0 = Debug|x64
		{16062FB7-AF61-43BC-BEC1-CBA0703F5BFC}.Debug|x86.ActiveCfg = Debug|Win32
		{16062FB7-AF61-43BC-BEC1-CBA0703F5BFC}.Debug|x86.Build.0 = Debug|Win32
		{16062FB7-AF61-43BC-BEC1-CBA0703F5BFC}.Release|x64.ActiveCfg = Release|x64
		{16062FB7-AF61-43BC-BEC1-CBA0703F5BFC}.Release|x64.Build.0 = Release|x64
		{16062FB7-AF61-43BC-BEC1-CBA0703F5BFC}.Release|x86.ActiveCfg = Release|Win32
		{16062FB7-AF61-43BC-BEC1-CBA0703F5BFC}.Release|x86.Build.0 = Release|Win32
		{7197B9E1-DBD5-4E3E-8978-CF8ACEC08337}.Debug|x64.ActiveCfg = Debug|x64
		{7197B9E1-DBD5-4E3E-8978-CF8ACEC08337}.Debug|x64.Build.0 = Debug|x64
		{7197B9E1-DBD5-4E3E-8978-CF8ACEC08337}.Debug|x86.ActiveCfg = Debug|Win32
		{7197B9E1-DBD5-4E3E-8978-CF8ACEC08337}.Debug|x86.Build.0 = Debug|Win32
		{7197B9E1-DBD5-4E3E-8978-CF8ACEC08337}.Release|x64.ActiveCfg = Release|x64
		{7197B9E1-DBD5-4E3E-8978-CF8ACEC08337}.Release|x64.Build.0 = Release|x64
		{7197B9E1-DBD5-4E3E-8978-CF8ACEC08337}.Release|x86.ActiveCfg = Release|Win32
		{7197B9E1-DBD5-4E3E-8978-CF8ACEC08337}.Release|x86.Build.0 = Release|Win32
		{34C63947-CD80-4666-9BE8-96CFCD117DEB}.Debug|x64.ActiveCfg = Debug|x64
		{34C63947-CD80-4666-9BE8-96CFCD117DEB}.Debug|x64.Build.0 = Debug|x64
		{34C63947-CD80-4666-9BE8-96CFCD117DEB}.Debug|x86.ActiveCfg = Debug|Win32
		{34C63947-CD80-4666-9BE8-96CFCD117DEB}.Debug|x86.Build.0 = Debug|Win32
		{34C63947-CD80-4666-9BE8-96CFCD117DEB}.Release|x64.ActiveCfg = Release|x64
		{34C63947-CD80-4666-9BE8-96CFCD117DEB}.Release|x64.Build.0 = Release|x64
		{34C63947-CD80-4666-9BE8-96CFCD117DEB}.Release|x86.ActiveCfg = Release|Win32
		{34C63947-CD80-4666-9BE8-96CFCD117DEB}.Release|x86.Build.0 = Release|Win32
		{3EDF035D-4531-4E5A-931E-08774F2CAC12}.Debug|x64.ActiveCfg = Debug|x64
		{3EDF035D-4531-4E5A-931E-08774F2CAC12}.Debug|x64.Build.0 = Debug|x64
		{3EDF035D-4531-4E5A-931E-08774F2CAC12}.Debug|x86.ActiveCfg = Debug|Win32
		{3EDF035D-4531-4E5A-931E-08774F2CAC12}.Debug|x86.Build.0 = Debug|Win32
		{3EDF035D-4531-4E5A-931E-08774F2CAC12}.Release|x64.ActiveCfg = Release|x64
		{3EDF035D-4531-4E5A-931E-08774F2CAC12}.Release|x64.Build.0 = Release|x64
		{3EDF035D-4531-4E5A-931E-08774F2CAC12}.Release|x86.ActiveCfg = Release|Win32
		{3EDF035D-4531-4E5A-931E-08774F2CAC12}.Release|x86.Build.0 = Release|Win32
		{362E7C4A-008A-49D6-A8FC-4C35FAF036EF}.Debug|x64.ActiveCfg = Debug|x64
		{362E7C4A-008A-49D6-A8FC-4C35FAF036EF}.Debug|x64.Build.0 = Debug|x64
		{362E7C4A-008A-49D6-A8FC-4C35FAF036EF}.Debug|x86.ActiveCfg = Debug|Win32
		{362E7C4A-008A-49D6-A8FC-4C35FAF036EF}.Debug|x86.Build.0 = Debug|Win32
		{362E7C4A-008A-49D6-A8FC-4C35FAF036EF}.Release|x64.ActiveCfg = Release|x64
		{362E7C4A-008A-49D6-A8FC-4C35FAF036EF}.Release|x64.Build.0 = Release|x64
		{362E7C4A-008A-49D6-A8FC-4C35FAF036EF}.Release|x86.ActiveCfg = Release|Win32
		{362E7C4A-008A-49D6-A8FC-4C35FAF036EF}.Release|x86.Build.0 = Release|Win32
		{D7ED9DEC-6E02-4614-A96D-13647ACF8311}.Debug|x64.ActiveCfg = Debug|x64
		{D7ED9DEC-6E02-4614-A96D-13647ACF8311}.Debug|x64.Build.0 = Debug|x64
		{D7ED9DEC-6E02-4614-A96D-13647ACF8311}.Debug|x86.ActiveCfg = Debug|Win32
		{D7ED9DEC-6E02-4614-A96D-13647ACF8311}.Debug|x86.Build.0 = Debug|Win32
		{D7ED9DEC-6E02-4614-A96D-13647ACF8311}.Release|x64.ActiveCfg = Release|x64
		{D7ED9DEC-6E02-4614-A96D-13647ACF8311}.Release|x64.Build.0 = Release|x64
		{D7ED9DEC-6E02-4614-A96D-13647ACF8311}.Release|x86.ActiveCfg = Release|Win32
		{D7ED9DEC-6E02-4614-A96D-13647ACF8311}.Release|x86.Build.0 = Release|Win32
		{4A23325A-425B-4F84-868A-5D6879E74C77}.Debug|x64.ActiveCfg = Debug|x64
		{4A23325A-425B-4F84-868A-5D6879E74C77}.Debug|x64.Build.0 = Debug|x64
		{4A23325A-425B-4F84-868A-5D6879E74C77}.Debug|x86.ActiveCfg = Debug|Win32
		{4A23325A-425B-4F84-868A-5D6879E74C77}.Debug|x86.Build.0 = Debug|Win32
		{4A23325A-425B-4F84-868A-5D6879E74C77}.Release|x64.ActiveCfg = Release|x64
		{4A23325A-425B-4F84-868A-5D6879E74C77}.Release|x64.Build.0 = Release|x64
		{4A23325A-425B-4F84-868A-5D6879E74C77}.Release|x86.ActiveCfg = Release|Win32
		{4A23325A-425B-4F84-868A-5D6879E74C77}.Release|x86.Build.0 = Release|Win32
		{5A5F1742-E62C-434C-BFBA-150C39046CCC}.Debug|x64.ActiveCfg = Debug|x64
		{5A5F1742-E62C-434C-BFBA-150C39046CCC}.Debug|x64.Build.0 = Debug|x64
		{5A5F1742-E62C-434C-BFBA-150C39046CCC}.Debug|x86.ActiveCfg = Debug|Win32
		{5A5F1742-E62C-434C-BFBA-150C39046CCC}.Debug|x86.Build.0 = Debug|Win32
		{5A5F1742-E62C-434C-BFBA-150C39046CCC}.Release|x64.ActiveCfg = Release|x64
		{5A5F1742-E62C-434C-BFBA-150C39046CCC}.Release|x64.Build.0 = Release|x64
		{5A5F1742-E62C-434C-BFBA-150C39046CCC}.Release|x86.ActiveCfg = Release|Win32
		{5A5F1742-E62C-434C-BFBA-150C39046CCC}.Release|x86.Build.0 = Release|Win32
	EndGlobalSection
	GlobalSection(SolutionProperties) = preSolution
		HideSolutionNode = FALSE
	EndGlobalSection
	GlobalSection(ExtensibilityGlobals) = postSolution
		SolutionGuid = {E820B17B-F16B-4253-A865-74F7CA1207A0}
	EndGlobalSection
EndGlobal
