
Microsoft Visual Studio Solution File, Format Version 12.00
# Visual Studio Version 17
VisualStudioVersion = 17.4.33213.308
MinimumVisualStudioVersion = 10.0.40219.1
Project("{8BC9CEB8-8B4A-11D0-8D11-00A0C91BC942}") = "coconut", "coconut\coconut.vcxproj", "{733C64E5-BDC6-4450-841F-C07BE1729DB3}"
EndProject
Project("{8BC9CEB8-8B4A-11D0-8D11-00A0C91BC942}") = "0207_variable_01", "0207_variable_01\0207_variable_01.vcxproj", "{86A8FE92-CB1C-49F4-A9E8-76913F5F5357}"
EndProject
Project("{8BC9CEB8-8B4A-11D0-8D11-00A0C91BC942}") = "0207_variable_02", "0207_variable_02\0207_variable_02.vcxproj", "{0F040CC7-E342-4AB7-B3DB-73CCDE77E603}"
EndProject
Project("{8BC9CEB8-8B4A-11D0-8D11-00A0C91BC942}") = "0207_variable_03", "0207_variable_03\0207_variable_03.vcxproj", "{623F6EB2-47E9-4497-8A13-81167A820EE3}"
EndProject
Project("{8BC9CEB8-8B4A-11D0-8D11-00A0C91BC942}") = "0207_variable_04", "0207_variable_04\0207_variable_04.vcxproj", "{E0F7168C-2F1D-4146-87B9-6E015D27928D}"
EndProject
Project("{8BC9CEB8-8B4A-11D0-8D11-00A0C91BC942}") = "0213_1", "0213_1\0213_1.vcxproj", "{F70B4428-D7A7-4DAE-AA11-87865837F34C}"
EndProject
Project("{8BC9CEB8-8B4A-11D0-8D11-00A0C91BC942}") = "0213_2", "0213_2\0213_2.vcxproj", "{FE38B83F-C923-4167-88E6-9D0C10AD6AE4}"
EndProject
Project("{8BC9CEB8-8B4A-11D0-8D11-00A0C91BC942}") = "0213_3", "0213_3\0213_3.vcxproj", "{3999827A-7ACB-4E72-9298-EE14F74E6E7F}"
EndProject
Project("{8BC9CEB8-8B4A-11D0-8D11-00A0C91BC942}") = "0213_4", "0213_4\0213_4.vcxproj", "{7169CDBD-6251-47F9-AB5C-A2BD5CDD3EFE}"
EndProject
Project("{8BC9CEB8-8B4A-11D0-8D11-00A0C91BC942}") = "0213_5", "0213_5\0213_5.vcxproj", "{8C1F0469-ACCF-47AA-9F7B-609E5F943CD9}"
EndProject
Project("{8BC9CEB8-8B4A-11D0-8D11-00A0C91BC942}") = "0214_1", "0214_1\0214_1.vcxproj", "{918EE65C-3E93-46EC-B0E9-43F84A81450D}"
EndProject
Project("{8BC9CEB8-8B4A-11D0-8D11-00A0C91BC942}") = "0214_2", "0214_2\0214_2.vcxproj", "{C6D7EB01-2241-47E9-940E-BF2434DF08F8}"
EndProject
Project("{8BC9CEB8-8B4A-11D0-8D11-00A0C91BC942}") = "0214_3", "0214_3\0214_3.vcxproj", "{C8D8C975-1951-4BE0-A7BB-4AB8E1F6AB36}"
EndProject
Project("{8BC9CEB8-8B4A-11D0-8D11-00A0C91BC942}") = "0215_1", "0215_!\0215_!.vcxproj", "{022D7449-0A55-4EB7-9CB8-8FFDE36D2396}"
EndProject
Project("{8BC9CEB8-8B4A-11D0-8D11-00A0C91BC942}") = "0215_2", "0215_2\0215_2.vcxproj", "{4D3CED91-3696-4963-B14F-EE41918343BD}"
EndProject
Project("{8BC9CEB8-8B4A-11D0-8D11-00A0C91BC942}") = "0215_3", "0215_3\0215_3.vcxproj", "{43A70C13-02E2-4482-A815-3130D12321BD}"
EndProject
Project("{8BC9CEB8-8B4A-11D0-8D11-00A0C91BC942}") = "0215_4", "0215_4\0215_4.vcxproj", "{13EB4FB0-749F-4D2F-8166-8628CAF64D31}"
EndProject
Project("{8BC9CEB8-8B4A-11D0-8D11-00A0C91BC942}") = "0215_5", "0215_5\0215_5.vcxproj", "{36F98639-4E97-419D-9B47-D2052EAD06CC}"
EndProject
Project("{8BC9CEB8-8B4A-11D0-8D11-00A0C91BC942}") = "0216_1", "0216_!\0216_!.vcxproj", "{9985BE63-23B3-4CA9-BB3B-5B42304B0DCA}"
EndProject
Project("{8BC9CEB8-8B4A-11D0-8D11-00A0C91BC942}") = "0216_2", "0216_2\0216_2.vcxproj", "{0DA88141-021A-4C9E-B98E-BAF352447594}"
EndProject
Project("{8BC9CEB8-8B4A-11D0-8D11-00A0C91BC942}") = "0216_3", "0216_3\0216_3.vcxproj", "{B0D0B2F0-362B-4FE0-BE3B-0EC6A0F0CC24}"
EndProject
Project("{8BC9CEB8-8B4A-11D0-8D11-00A0C91BC942}") = "0216_4", "0216_4\0216_4.vcxproj", "{31072702-567A-4286-9D0D-E2B99E3FA39D}"
EndProject
Project("{8BC9CEB8-8B4A-11D0-8D11-00A0C91BC942}") = "0216_5", "0216_5\0216_5.vcxproj", "{E7348040-E3AE-46D0-AF8B-72F1ABBE20B1}"
EndProject
Project("{8BC9CEB8-8B4A-11D0-8D11-00A0C91BC942}") = "0216_6", "0216_6\0216_6.vcxproj", "{2717115F-6D24-4B9C-8EFB-BC6D4F90B23F}"
EndProject
Project("{8BC9CEB8-8B4A-11D0-8D11-00A0C91BC942}") = "0217_1", "0216_7\0216_7.vcxproj", "{8C183331-D733-4BF1-9565-F49068E75BDD}"
EndProject
Project("{8BC9CEB8-8B4A-11D0-8D11-00A0C91BC942}") = "0217_2", "0217_2\0217_2.vcxproj", "{C964701A-2F6B-411E-A23C-5FFD8C288D56}"
EndProject
Global
	GlobalSection(SolutionConfigurationPlatforms) = preSolution
		Debug|x64 = Debug|x64
		Debug|x86 = Debug|x86
		Release|x64 = Release|x64
		Release|x86 = Release|x86
	EndGlobalSection
	GlobalSection(ProjectConfigurationPlatforms) = postSolution
		{733C64E5-BDC6-4450-841F-C07BE1729DB3}.Debug|x64.ActiveCfg = Debug|x64
		{733C64E5-BDC6-4450-841F-C07BE1729DB3}.Debug|x64.Build.0 = Debug|x64
		{733C64E5-BDC6-4450-841F-C07BE1729DB3}.Debug|x86.ActiveCfg = Debug|Win32
		{733C64E5-BDC6-4450-841F-C07BE1729DB3}.Debug|x86.Build.0 = Debug|Win32
		{733C64E5-BDC6-4450-841F-C07BE1729DB3}.Release|x64.ActiveCfg = Release|x64
		{733C64E5-BDC6-4450-841F-C07BE1729DB3}.Release|x64.Build.0 = Release|x64
		{733C64E5-BDC6-4450-841F-C07BE1729DB3}.Release|x86.ActiveCfg = Release|Win32
		{733C64E5-BDC6-4450-841F-C07BE1729DB3}.Release|x86.Build.0 = Release|Win32
		{86A8FE92-CB1C-49F4-A9E8-76913F5F5357}.Debug|x64.ActiveCfg = Debug|x64
		{86A8FE92-CB1C-49F4-A9E8-76913F5F5357}.Debug|x64.Build.0 = Debug|x64
		{86A8FE92-CB1C-49F4-A9E8-76913F5F5357}.Debug|x86.ActiveCfg = Debug|Win32
		{86A8FE92-CB1C-49F4-A9E8-76913F5F5357}.Debug|x86.Build.0 = Debug|Win32
		{86A8FE92-CB1C-49F4-A9E8-76913F5F5357}.Release|x64.ActiveCfg = Release|x64
		{86A8FE92-CB1C-49F4-A9E8-76913F5F5357}.Release|x64.Build.0 = Release|x64
		{86A8FE92-CB1C-49F4-A9E8-76913F5F5357}.Release|x86.ActiveCfg = Release|Win32
		{86A8FE92-CB1C-49F4-A9E8-76913F5F5357}.Release|x86.Build.0 = Release|Win32
		{0F040CC7-E342-4AB7-B3DB-73CCDE77E603}.Debug|x64.ActiveCfg = Debug|x64
		{0F040CC7-E342-4AB7-B3DB-73CCDE77E603}.Debug|x64.Build.0 = Debug|x64
		{0F040CC7-E342-4AB7-B3DB-73CCDE77E603}.Debug|x86.ActiveCfg = Debug|Win32
		{0F040CC7-E342-4AB7-B3DB-73CCDE77E603}.Debug|x86.Build.0 = Debug|Win32
		{0F040CC7-E342-4AB7-B3DB-73CCDE77E603}.Release|x64.ActiveCfg = Release|x64
		{0F040CC7-E342-4AB7-B3DB-73CCDE77E603}.Release|x64.Build.0 = Release|x64
		{0F040CC7-E342-4AB7-B3DB-73CCDE77E603}.Release|x86.ActiveCfg = Release|Win32
		{0F040CC7-E342-4AB7-B3DB-73CCDE77E603}.Release|x86.Build.0 = Release|Win32
		{623F6EB2-47E9-4497-8A13-81167A820EE3}.Debug|x64.ActiveCfg = Debug|x64
		{623F6EB2-47E9-4497-8A13-81167A820EE3}.Debug|x64.Build.0 = Debug|x64
		{623F6EB2-47E9-4497-8A13-81167A820EE3}.Debug|x86.ActiveCfg = Debug|Win32
		{623F6EB2-47E9-4497-8A13-81167A820EE3}.Debug|x86.Build.0 = Debug|Win32
		{623F6EB2-47E9-4497-8A13-81167A820EE3}.Release|x64.ActiveCfg = Release|x64
		{623F6EB2-47E9-4497-8A13-81167A820EE3}.Release|x64.Build.0 = Release|x64
		{623F6EB2-47E9-4497-8A13-81167A820EE3}.Release|x86.ActiveCfg = Release|Win32
		{623F6EB2-47E9-4497-8A13-81167A820EE3}.Release|x86.Build.0 = Release|Win32
		{E0F7168C-2F1D-4146-87B9-6E015D27928D}.Debug|x64.ActiveCfg = Debug|x64
		{E0F7168C-2F1D-4146-87B9-6E015D27928D}.Debug|x64.Build.0 = Debug|x64
		{E0F7168C-2F1D-4146-87B9-6E015D27928D}.Debug|x86.ActiveCfg = Debug|Win32
		{E0F7168C-2F1D-4146-87B9-6E015D27928D}.Debug|x86.Build.0 = Debug|Win32
		{E0F7168C-2F1D-4146-87B9-6E015D27928D}.Release|x64.ActiveCfg = Release|x64
		{E0F7168C-2F1D-4146-87B9-6E015D27928D}.Release|x64.Build.0 = Release|x64
		{E0F7168C-2F1D-4146-87B9-6E015D27928D}.Release|x86.ActiveCfg = Release|Win32
		{E0F7168C-2F1D-4146-87B9-6E015D27928D}.Release|x86.Build.0 = Release|Win32
		{F70B4428-D7A7-4DAE-AA11-87865837F34C}.Debug|x64.ActiveCfg = Debug|x64
		{F70B4428-D7A7-4DAE-AA11-87865837F34C}.Debug|x64.Build.0 = Debug|x64
		{F70B4428-D7A7-4DAE-AA11-87865837F34C}.Debug|x86.ActiveCfg = Debug|Win32
		{F70B4428-D7A7-4DAE-AA11-87865837F34C}.Debug|x86.Build.0 = Debug|Win32
		{F70B4428-D7A7-4DAE-AA11-87865837F34C}.Release|x64.ActiveCfg = Release|x64
		{F70B4428-D7A7-4DAE-AA11-87865837F34C}.Release|x64.Build.0 = Release|x64
		{F70B4428-D7A7-4DAE-AA11-87865837F34C}.Release|x86.ActiveCfg = Release|Win32
		{F70B4428-D7A7-4DAE-AA11-87865837F34C}.Release|x86.Build.0 = Release|Win32
		{FE38B83F-C923-4167-88E6-9D0C10AD6AE4}.Debug|x64.ActiveCfg = Debug|x64
		{FE38B83F-C923-4167-88E6-9D0C10AD6AE4}.Debug|x64.Build.0 = Debug|x64
		{FE38B83F-C923-4167-88E6-9D0C10AD6AE4}.Debug|x86.ActiveCfg = Debug|Win32
		{FE38B83F-C923-4167-88E6-9D0C10AD6AE4}.Debug|x86.Build.0 = Debug|Win32
		{FE38B83F-C923-4167-88E6-9D0C10AD6AE4}.Release|x64.ActiveCfg = Release|x64
		{FE38B83F-C923-4167-88E6-9D0C10AD6AE4}.Release|x64.Build.0 = Release|x64
		{FE38B83F-C923-4167-88E6-9D0C10AD6AE4}.Release|x86.ActiveCfg = Release|Win32
		{FE38B83F-C923-4167-88E6-9D0C10AD6AE4}.Release|x86.Build.0 = Release|Win32
		{3999827A-7ACB-4E72-9298-EE14F74E6E7F}.Debug|x64.ActiveCfg = Debug|x64
		{3999827A-7ACB-4E72-9298-EE14F74E6E7F}.Debug|x64.Build.0 = Debug|x64
		{3999827A-7ACB-4E72-9298-EE14F74E6E7F}.Debug|x86.ActiveCfg = Debug|Win32
		{3999827A-7ACB-4E72-9298-EE14F74E6E7F}.Debug|x86.Build.0 = Debug|Win32
		{3999827A-7ACB-4E72-9298-EE14F74E6E7F}.Release|x64.ActiveCfg = Release|x64
		{3999827A-7ACB-4E72-9298-EE14F74E6E7F}.Release|x64.Build.0 = Release|x64
		{3999827A-7ACB-4E72-9298-EE14F74E6E7F}.Release|x86.ActiveCfg = Release|Win32
		{3999827A-7ACB-4E72-9298-EE14F74E6E7F}.Release|x86.Build.0 = Release|Win32
		{7169CDBD-6251-47F9-AB5C-A2BD5CDD3EFE}.Debug|x64.ActiveCfg = Debug|x64
		{7169CDBD-6251-47F9-AB5C-A2BD5CDD3EFE}.Debug|x64.Build.0 = Debug|x64
		{7169CDBD-6251-47F9-AB5C-A2BD5CDD3EFE}.Debug|x86.ActiveCfg = Debug|Win32
		{7169CDBD-6251-47F9-AB5C-A2BD5CDD3EFE}.Debug|x86.Build.0 = Debug|Win32
		{7169CDBD-6251-47F9-AB5C-A2BD5CDD3EFE}.Release|x64.ActiveCfg = Release|x64
		{7169CDBD-6251-47F9-AB5C-A2BD5CDD3EFE}.Release|x64.Build.0 = Release|x64
		{7169CDBD-6251-47F9-AB5C-A2BD5CDD3EFE}.Release|x86.ActiveCfg = Release|Win32
		{7169CDBD-6251-47F9-AB5C-A2BD5CDD3EFE}.Release|x86.Build.0 = Release|Win32
		{8C1F0469-ACCF-47AA-9F7B-609E5F943CD9}.Debug|x64.ActiveCfg = Debug|x64
		{8C1F0469-ACCF-47AA-9F7B-609E5F943CD9}.Debug|x64.Build.0 = Debug|x64
		{8C1F0469-ACCF-47AA-9F7B-609E5F943CD9}.Debug|x86.ActiveCfg = Debug|Win32
		{8C1F0469-ACCF-47AA-9F7B-609E5F943CD9}.Debug|x86.Build.0 = Debug|Win32
		{8C1F0469-ACCF-47AA-9F7B-609E5F943CD9}.Release|x64.ActiveCfg = Release|x64
		{8C1F0469-ACCF-47AA-9F7B-609E5F943CD9}.Release|x64.Build.0 = Release|x64
		{8C1F0469-ACCF-47AA-9F7B-609E5F943CD9}.Release|x86.ActiveCfg = Release|Win32
		{8C1F0469-ACCF-47AA-9F7B-609E5F943CD9}.Release|x86.Build.0 = Release|Win32
		{918EE65C-3E93-46EC-B0E9-43F84A81450D}.Debug|x64.ActiveCfg = Debug|x64
		{918EE65C-3E93-46EC-B0E9-43F84A81450D}.Debug|x64.Build.0 = Debug|x64
		{918EE65C-3E93-46EC-B0E9-43F84A81450D}.Debug|x86.ActiveCfg = Debug|Win32
		{918EE65C-3E93-46EC-B0E9-43F84A81450D}.Debug|x86.Build.0 = Debug|Win32
		{918EE65C-3E93-46EC-B0E9-43F84A81450D}.Release|x64.ActiveCfg = Release|x64
		{918EE65C-3E93-46EC-B0E9-43F84A81450D}.Release|x64.Build.0 = Release|x64
		{918EE65C-3E93-46EC-B0E9-43F84A81450D}.Release|x86.ActiveCfg = Release|Win32
		{918EE65C-3E93-46EC-B0E9-43F84A81450D}.Release|x86.Build.0 = Release|Win32
		{C6D7EB01-2241-47E9-940E-BF2434DF08F8}.Debug|x64.ActiveCfg = Debug|x64
		{C6D7EB01-2241-47E9-940E-BF2434DF08F8}.Debug|x64.Build.0 = Debug|x64
		{C6D7EB01-2241-47E9-940E-BF2434DF08F8}.Debug|x86.ActiveCfg = Debug|Win32
		{C6D7EB01-2241-47E9-940E-BF2434DF08F8}.Debug|x86.Build.0 = Debug|Win32
		{C6D7EB01-2241-47E9-940E-BF2434DF08F8}.Release|x64.ActiveCfg = Release|x64
		{C6D7EB01-2241-47E9-940E-BF2434DF08F8}.Release|x64.Build.0 = Release|x64
		{C6D7EB01-2241-47E9-940E-BF2434DF08F8}.Release|x86.ActiveCfg = Release|Win32
		{C6D7EB01-2241-47E9-940E-BF2434DF08F8}.Release|x86.Build.0 = Release|Win32
		{C8D8C975-1951-4BE0-A7BB-4AB8E1F6AB36}.Debug|x64.ActiveCfg = Debug|x64
		{C8D8C975-1951-4BE0-A7BB-4AB8E1F6AB36}.Debug|x64.Build.0 = Debug|x64
		{C8D8C975-1951-4BE0-A7BB-4AB8E1F6AB36}.Debug|x86.ActiveCfg = Debug|Win32
		{C8D8C975-1951-4BE0-A7BB-4AB8E1F6AB36}.Debug|x86.Build.0 = Debug|Win32
		{C8D8C975-1951-4BE0-A7BB-4AB8E1F6AB36}.Release|x64.ActiveCfg = Release|x64
		{C8D8C975-1951-4BE0-A7BB-4AB8E1F6AB36}.Release|x64.Build.0 = Release|x64
		{C8D8C975-1951-4BE0-A7BB-4AB8E1F6AB36}.Release|x86.ActiveCfg = Release|Win32
		{C8D8C975-1951-4BE0-A7BB-4AB8E1F6AB36}.Release|x86.Build.0 = Release|Win32
		{022D7449-0A55-4EB7-9CB8-8FFDE36D2396}.Debug|x64.ActiveCfg = Debug|x64
		{022D7449-0A55-4EB7-9CB8-8FFDE36D2396}.Debug|x64.Build.0 = Debug|x64
		{022D7449-0A55-4EB7-9CB8-8FFDE36D2396}.Debug|x86.ActiveCfg = Debug|Win32
		{022D7449-0A55-4EB7-9CB8-8FFDE36D2396}.Debug|x86.Build.0 = Debug|Win32
		{022D7449-0A55-4EB7-9CB8-8FFDE36D2396}.Release|x64.ActiveCfg = Release|x64
		{022D7449-0A55-4EB7-9CB8-8FFDE36D2396}.Release|x64.Build.0 = Release|x64
		{022D7449-0A55-4EB7-9CB8-8FFDE36D2396}.Release|x86.ActiveCfg = Release|Win32
		{022D7449-0A55-4EB7-9CB8-8FFDE36D2396}.Release|x86.Build.0 = Release|Win32
		{4D3CED91-3696-4963-B14F-EE41918343BD}.Debug|x64.ActiveCfg = Debug|x64
		{4D3CED91-3696-4963-B14F-EE41918343BD}.Debug|x64.Build.0 = Debug|x64
		{4D3CED91-3696-4963-B14F-EE41918343BD}.Debug|x86.ActiveCfg = Debug|Win32
		{4D3CED91-3696-4963-B14F-EE41918343BD}.Debug|x86.Build.0 = Debug|Win32
		{4D3CED91-3696-4963-B14F-EE41918343BD}.Release|x64.ActiveCfg = Release|x64
		{4D3CED91-3696-4963-B14F-EE41918343BD}.Release|x64.Build.0 = Release|x64
		{4D3CED91-3696-4963-B14F-EE41918343BD}.Release|x86.ActiveCfg = Release|Win32
		{4D3CED91-3696-4963-B14F-EE41918343BD}.Release|x86.Build.0 = Release|Win32
		{43A70C13-02E2-4482-A815-3130D12321BD}.Debug|x64.ActiveCfg = Debug|x64
		{43A70C13-02E2-4482-A815-3130D12321BD}.Debug|x64.Build.0 = Debug|x64
		{43A70C13-02E2-4482-A815-3130D12321BD}.Debug|x86.ActiveCfg = Debug|Win32
		{43A70C13-02E2-4482-A815-3130D12321BD}.Debug|x86.Build.0 = Debug|Win32
		{43A70C13-02E2-4482-A815-3130D12321BD}.Release|x64.ActiveCfg = Release|x64
		{43A70C13-02E2-4482-A815-3130D12321BD}.Release|x64.Build.0 = Release|x64
		{43A70C13-02E2-4482-A815-3130D12321BD}.Release|x86.ActiveCfg = Release|Win32
		{43A70C13-02E2-4482-A815-3130D12321BD}.Release|x86.Build.0 = Release|Win32
		{13EB4FB0-749F-4D2F-8166-8628CAF64D31}.Debug|x64.ActiveCfg = Debug|x64
		{13EB4FB0-749F-4D2F-8166-8628CAF64D31}.Debug|x64.Build.0 = Debug|x64
		{13EB4FB0-749F-4D2F-8166-8628CAF64D31}.Debug|x86.ActiveCfg = Debug|Win32
		{13EB4FB0-749F-4D2F-8166-8628CAF64D31}.Debug|x86.Build.0 = Debug|Win32
		{13EB4FB0-749F-4D2F-8166-8628CAF64D31}.Release|x64.ActiveCfg = Release|x64
		{13EB4FB0-749F-4D2F-8166-8628CAF64D31}.Release|x64.Build.0 = Release|x64
		{13EB4FB0-749F-4D2F-8166-8628CAF64D31}.Release|x86.ActiveCfg = Release|Win32
		{13EB4FB0-749F-4D2F-8166-8628CAF64D31}.Release|x86.Build.0 = Release|Win32
		{36F98639-4E97-419D-9B47-D2052EAD06CC}.Debug|x64.ActiveCfg = Debug|x64
		{36F98639-4E97-419D-9B47-D2052EAD06CC}.Debug|x64.Build.0 = Debug|x64
		{36F98639-4E97-419D-9B47-D2052EAD06CC}.Debug|x86.ActiveCfg = Debug|Win32
		{36F98639-4E97-419D-9B47-D2052EAD06CC}.Debug|x86.Build.0 = Debug|Win32
		{36F98639-4E97-419D-9B47-D2052EAD06CC}.Release|x64.ActiveCfg = Release|x64
		{36F98639-4E97-419D-9B47-D2052EAD06CC}.Release|x64.Build.0 = Release|x64
		{36F98639-4E97-419D-9B47-D2052EAD06CC}.Release|x86.ActiveCfg = Release|Win32
		{36F98639-4E97-419D-9B47-D2052EAD06CC}.Release|x86.Build.0 = Release|Win32
		{9985BE63-23B3-4CA9-BB3B-5B42304B0DCA}.Debug|x64.ActiveCfg = Debug|x64
		{9985BE63-23B3-4CA9-BB3B-5B42304B0DCA}.Debug|x64.Build.0 = Debug|x64
		{9985BE63-23B3-4CA9-BB3B-5B42304B0DCA}.Debug|x86.ActiveCfg = Debug|Win32
		{9985BE63-23B3-4CA9-BB3B-5B42304B0DCA}.Debug|x86.Build.0 = Debug|Win32
		{9985BE63-23B3-4CA9-BB3B-5B42304B0DCA}.Release|x64.ActiveCfg = Release|x64
		{9985BE63-23B3-4CA9-BB3B-5B42304B0DCA}.Release|x64.Build.0 = Release|x64
		{9985BE63-23B3-4CA9-BB3B-5B42304B0DCA}.Release|x86.ActiveCfg = Release|Win32
		{9985BE63-23B3-4CA9-BB3B-5B42304B0DCA}.Release|x86.Build.0 = Release|Win32
		{0DA88141-021A-4C9E-B98E-BAF352447594}.Debug|x64.ActiveCfg = Debug|x64
		{0DA88141-021A-4C9E-B98E-BAF352447594}.Debug|x64.Build.0 = Debug|x64
		{0DA88141-021A-4C9E-B98E-BAF352447594}.Debug|x86.ActiveCfg = Debug|Win32
		{0DA88141-021A-4C9E-B98E-BAF352447594}.Debug|x86.Build.0 = Debug|Win32
		{0DA88141-021A-4C9E-B98E-BAF352447594}.Release|x64.ActiveCfg = Release|x64
		{0DA88141-021A-4C9E-B98E-BAF352447594}.Release|x64.Build.0 = Release|x64
		{0DA88141-021A-4C9E-B98E-BAF352447594}.Release|x86.ActiveCfg = Release|Win32
		{0DA88141-021A-4C9E-B98E-BAF352447594}.Release|x86.Build.0 = Release|Win32
		{B0D0B2F0-362B-4FE0-BE3B-0EC6A0F0CC24}.Debug|x64.ActiveCfg = Debug|x64
		{B0D0B2F0-362B-4FE0-BE3B-0EC6A0F0CC24}.Debug|x64.Build.0 = Debug|x64
		{B0D0B2F0-362B-4FE0-BE3B-0EC6A0F0CC24}.Debug|x86.ActiveCfg = Debug|Win32
		{B0D0B2F0-362B-4FE0-BE3B-0EC6A0F0CC24}.Debug|x86.Build.0 = Debug|Win32
		{B0D0B2F0-362B-4FE0-BE3B-0EC6A0F0CC24}.Release|x64.ActiveCfg = Release|x64
		{B0D0B2F0-362B-4FE0-BE3B-0EC6A0F0CC24}.Release|x64.Build.0 = Release|x64
		{B0D0B2F0-362B-4FE0-BE3B-0EC6A0F0CC24}.Release|x86.ActiveCfg = Release|Win32
		{B0D0B2F0-362B-4FE0-BE3B-0EC6A0F0CC24}.Release|x86.Build.0 = Release|Win32
		{31072702-567A-4286-9D0D-E2B99E3FA39D}.Debug|x64.ActiveCfg = Debug|x64
		{31072702-567A-4286-9D0D-E2B99E3FA39D}.Debug|x64.Build.0 = Debug|x64
		{31072702-567A-4286-9D0D-E2B99E3FA39D}.Debug|x86.ActiveCfg = Debug|Win32
		{31072702-567A-4286-9D0D-E2B99E3FA39D}.Debug|x86.Build.0 = Debug|Win32
		{31072702-567A-4286-9D0D-E2B99E3FA39D}.Release|x64.ActiveCfg = Release|x64
		{31072702-567A-4286-9D0D-E2B99E3FA39D}.Release|x64.Build.0 = Release|x64
		{31072702-567A-4286-9D0D-E2B99E3FA39D}.Release|x86.ActiveCfg = Release|Win32
		{31072702-567A-4286-9D0D-E2B99E3FA39D}.Release|x86.Build.0 = Release|Win32
		{E7348040-E3AE-46D0-AF8B-72F1ABBE20B1}.Debug|x64.ActiveCfg = Debug|x64
		{E7348040-E3AE-46D0-AF8B-72F1ABBE20B1}.Debug|x64.Build.0 = Debug|x64
		{E7348040-E3AE-46D0-AF8B-72F1ABBE20B1}.Debug|x86.ActiveCfg = Debug|Win32
		{E7348040-E3AE-46D0-AF8B-72F1ABBE20B1}.Debug|x86.Build.0 = Debug|Win32
		{E7348040-E3AE-46D0-AF8B-72F1ABBE20B1}.Release|x64.ActiveCfg = Release|x64
		{E7348040-E3AE-46D0-AF8B-72F1ABBE20B1}.Release|x64.Build.0 = Release|x64
		{E7348040-E3AE-46D0-AF8B-72F1ABBE20B1}.Release|x86.ActiveCfg = Release|Win32
		{E7348040-E3AE-46D0-AF8B-72F1ABBE20B1}.Release|x86.Build.0 = Release|Win32
		{2717115F-6D24-4B9C-8EFB-BC6D4F90B23F}.Debug|x64.ActiveCfg = Debug|x64
		{2717115F-6D24-4B9C-8EFB-BC6D4F90B23F}.Debug|x64.Build.0 = Debug|x64
		{2717115F-6D24-4B9C-8EFB-BC6D4F90B23F}.Debug|x86.ActiveCfg = Debug|Win32
		{2717115F-6D24-4B9C-8EFB-BC6D4F90B23F}.Debug|x86.Build.0 = Debug|Win32
		{2717115F-6D24-4B9C-8EFB-BC6D4F90B23F}.Release|x64.ActiveCfg = Release|x64
		{2717115F-6D24-4B9C-8EFB-BC6D4F90B23F}.Release|x64.Build.0 = Release|x64
		{2717115F-6D24-4B9C-8EFB-BC6D4F90B23F}.Release|x86.ActiveCfg = Release|Win32
		{2717115F-6D24-4B9C-8EFB-BC6D4F90B23F}.Release|x86.Build.0 = Release|Win32
		{8C183331-D733-4BF1-9565-F49068E75BDD}.Debug|x64.ActiveCfg = Debug|x64
		{8C183331-D733-4BF1-9565-F49068E75BDD}.Debug|x64.Build.0 = Debug|x64
		{8C183331-D733-4BF1-9565-F49068E75BDD}.Debug|x86.ActiveCfg = Debug|Win32
		{8C183331-D733-4BF1-9565-F49068E75BDD}.Debug|x86.Build.0 = Debug|Win32
		{8C183331-D733-4BF1-9565-F49068E75BDD}.Release|x64.ActiveCfg = Release|x64
		{8C183331-D733-4BF1-9565-F49068E75BDD}.Release|x64.Build.0 = Release|x64
		{8C183331-D733-4BF1-9565-F49068E75BDD}.Release|x86.ActiveCfg = Release|Win32
		{8C183331-D733-4BF1-9565-F49068E75BDD}.Release|x86.Build.0 = Release|Win32
		{C964701A-2F6B-411E-A23C-5FFD8C288D56}.Debug|x64.ActiveCfg = Debug|x64
		{C964701A-2F6B-411E-A23C-5FFD8C288D56}.Debug|x64.Build.0 = Debug|x64
		{C964701A-2F6B-411E-A23C-5FFD8C288D56}.Debug|x86.ActiveCfg = Debug|Win32
		{C964701A-2F6B-411E-A23C-5FFD8C288D56}.Debug|x86.Build.0 = Debug|Win32
		{C964701A-2F6B-411E-A23C-5FFD8C288D56}.Release|x64.ActiveCfg = Release|x64
		{C964701A-2F6B-411E-A23C-5FFD8C288D56}.Release|x64.Build.0 = Release|x64
		{C964701A-2F6B-411E-A23C-5FFD8C288D56}.Release|x86.ActiveCfg = Release|Win32
		{C964701A-2F6B-411E-A23C-5FFD8C288D56}.Release|x86.Build.0 = Release|Win32
	EndGlobalSection
	GlobalSection(SolutionProperties) = preSolution
		HideSolutionNode = FALSE
	EndGlobalSection
	GlobalSection(ExtensibilityGlobals) = postSolution
		SolutionGuid = {698D8F30-A2C2-4480-BC32-01B25CE581DE}
	EndGlobalSection
EndGlobal
